{
  "name": "opencode-dir",
  "version": "1.0.13",
  "lockfileVersion": 3,
  "requires": true,
  "packages": {
    "": {
      "name": "opencode-dir",
      "version": "1.0.13",
      "license": "MIT",
      "devDependencies": {
        "@types/bun": "^1.3.13",
        "typescript": "^5.9.3"
      },
      "peerDependencies": {
        "@opencode-ai/plugin": ">=1.2.0"
      }
    },
    "node_modules/@opencode-ai/plugin": {
      "version": "1.2.27",
      "license": "MIT",
      "peer": true,
      "dependencies": {
        "@opencode-ai/sdk": "1.2.27",
        "zod": "4.1.8"
      }
    },
    "node_modules/@opencode-ai/sdk": {
      "version": "1.2.27",
      "license": "MIT",
      "peer": true
    },
    "node_modules/@types/bun": {
      "version": "1.3.13",
      "dev": true,
      "license": "MIT",
      "dependencies": {
        "bun-types": "1.3.13"
      }
    },
    "node_modules/@types/node": {
      "version": "25.6.2",
      "dev": true,
      "license": "MIT",
      "dependencies": {
        "undici-types": "~7.19.0"
      }
    },
    "node_modules/bun-types": {
      "version": "1.3.13",
      "dev": true,
      "license": "MIT",
      "dependencies": {
        "@types/node": "*"
      }
    },
    "node_modules/typescript": {
      "version": "5.9.3",
      "resolved": "https://registry.npmjs.org/typescript/-/typescript-5.9.3.tgz",
      "integrity": "sha512-jl1vZzPDinLr9eUt3J/t7V6FgNEw9QjvBPdysz9KfQDD41fQrC2Y4vKQdiaUpFT4bXlb1RHhLpp8wtm6M5TgSw==",
      "dev": true,
      "license": "Apache-2.0",
      "bin": {
        "tsc": "bin/tsc",
        "tsserver": "bin/tsserver"
      },
      "engines": {
        "node": ">=14.17"
      }
    },
    "node_modules/undici-types": {
      "version": "7.19.2",
      "dev": true,
      "license": "MIT"
    },
    "node_modules/zod": {
      "version": "4.1.8",
      "license": "MIT",
      "peer": true,
      "funding": {
        "url": "https://github.com/sponsors/colinhacks"
      }
    }
  }
}
